
Microsoft Visual Studio Solution File, Format Version 12.00
# Visual Studio Version 16
VisualStudioVersion = 16.0.31005.135
MinimumVisualStudioVersion = 10.0.40219.1
Project("{FAE04EC0-301F-11D3-BF4B-00C04F79EFBC}") = "Gyak2", "Gyak2\Gyak2.csproj", "{863DC207-F287-4DDB-AC7A-70823A9C035A}"
EndProject
Global
	GlobalSection(SolutionConfigurationPlatforms) = preSolution
		Debug|Any CPU = Debug|Any CPU
		Release|Any CPU = Release|Any CPU
	EndGlobalSection
	GlobalSection(ProjectConfigurationPlatforms) = postSolution
		{863DC207-F287-4DDB-AC7A-70823A9C035A}.Debug|Any CPU.ActiveCfg = Debug|Any CPU
		{863DC207-F287-4DDB-AC7A-70823A9C035A}.Debug|Any CPU.Build.0 = Debug|Any CPU
		{863DC207-F287-4DDB-AC7A-70823A9C035A}.Release|Any CPU.ActiveCfg = Release|Any CPU
		{863DC207-F287-4DDB-AC7A-70823A9C035A}.Release|Any CPU.Build.0 = Release|Any CPU
	EndGlobalSection
	GlobalSection(SolutionProperties) = preSolution
		HideSolutionNode = FALSE
	EndGlobalSection
	GlobalSection(ExtensibilityGlobals) = postSolution
		SolutionGuid = {A6BCC467-2A30-432C-95C8-A0E1568E63EE}
	EndGlobalSection
EndGlobal
